// !$*UTF8*$!
{
	archiveVersion = 1;
	classes = {
	};
	objectVersion = 56;
	objects = {

/* Begin PBXBuildFile section */
		15662CAB2A41C59000214FD7 /* AppDelegate.swift in Sources */ = {isa = PBXBuildFile; fileRef = 15662CAA2A41C59000214FD7 /* AppDelegate.swift */; };
		15662CAD2A41C59000214FD7 /* GameViewController.swift in Sources */ = {isa = PBXBuildFile; fileRef = 15662CAC2A41C59000214FD7 /* GameViewController.swift */; };
		15662CB02A41C59000214FD7 /* Main.storyboard in Resources */ = {isa = PBXBuildFile; fileRef = 15662CAE2A41C59000214FD7 /* Main.storyboard */; };
		15662CB32A41C59000214FD7 /* LaunchScreen.storyboard in Resources */ = {isa = PBXBuildFile; fileRef = 15662CB12A41C59000214FD7 /* LaunchScreen.storyboard */; };
		15662CB42A41C59000214FD7 /* Actions.sks in Resources */ = {isa = PBXBuildFile; fileRef = 15662C9F2A41C58F00214FD7 /* Actions.sks */; };
		15662CB52A41C59000214FD7 /* GameScene.sks in Resources */ = {isa = PBXBuildFile; fileRef = 15662CA02A41C58F00214FD7 /* GameScene.sks */; };
		15662CB62A41C59000214FD7 /* GameScene.swift in Sources */ = {isa = PBXBuildFile; fileRef = 15662CA12A41C58F00214FD7 /* GameScene.swift */; };
		15662CB72A41C59000214FD7 /* Assets.xcassets in Resources */ = {isa = PBXBuildFile; fileRef = 15662CA22A41C59000214FD7 /* Assets.xcassets */; };
		15C3EC592A4368320065FF12 /* WindowScene.swift in Sources */ = {isa = PBXBuildFile; fileRef = 15C3EC582A4368320065FF12 /* WindowScene.swift */; };
		15C3EC5C2A436A990065FF12 /* WindowItem.swift in Sources */ = {isa = PBXBuildFile; fileRef = 15C3EC5B2A436A990065FF12 /* WindowItem.swift */; };
		15C3EC872A4843FB0065FF12 /* ExamScene.swift in Sources */ = {isa = PBXBuildFile; fileRef = 15C3EC862A4843FB0065FF12 /* ExamScene.swift */; };
		15C3EC892A48441F0065FF12 /* ExamItem.swift in Sources */ = {isa = PBXBuildFile; fileRef = 15C3EC882A48441F0065FF12 /* ExamItem.swift */; };
		15C3EC8C2A484BD30065FF12 /* ExamTableScene.swift in Sources */ = {isa = PBXBuildFile; fileRef = 15C3EC8B2A484BD30065FF12 /* ExamTableScene.swift */; };
		15C3EC8E2A484BDA0065FF12 /* ExamTableItem.swift in Sources */ = {isa = PBXBuildFile; fileRef = 15C3EC8D2A484BDA0065FF12 /* ExamTableItem.swift */; };
		15C3EC912A4979850065FF12 /* MovingStage.swift in Sources */ = {isa = PBXBuildFile; fileRef = 15C3EC902A4979850065FF12 /* MovingStage.swift */; };
		15C3EC932A49A2ED0065FF12 /* ExamTransition.swift in Sources */ = {isa = PBXBuildFile; fileRef = 15C3EC922A49A2ED0065FF12 /* ExamTransition.swift */; };
		15C3EC962A4ACDB60065FF12 /* ExamSheetScene.swift in Sources */ = {isa = PBXBuildFile; fileRef = 15C3EC952A4ACDB60065FF12 /* ExamSheetScene.swift */; };
		15C3EC982A4ACDC10065FF12 /* ExamSheetItem.swift in Sources */ = {isa = PBXBuildFile; fileRef = 15C3EC972A4ACDC10065FF12 /* ExamSheetItem.swift */; };
		15C3EC9A2A4ACE110065FF12 /* QuestionsAndAnswers.swift in Sources */ = {isa = PBXBuildFile; fileRef = 15C3EC992A4ACE110065FF12 /* QuestionsAndAnswers.swift */; };
		15C3EC9C2A4E06690065FF12 /* LightSwitchScene.swift in Sources */ = {isa = PBXBuildFile; fileRef = 15C3EC9B2A4E06690065FF12 /* LightSwitchScene.swift */; };
		15C3EC9F2A4E8D460065FF12 /* lightswitch3_off.mp3 in Resources */ = {isa = PBXBuildFile; fileRef = 15C3EC9E2A4E8D460065FF12 /* lightswitch3_off.mp3 */; };
		15C3ECA22A4EB9D20065FF12 /* GameCredits.swift in Sources */ = {isa = PBXBuildFile; fileRef = 15C3ECA12A4EB9D20065FF12 /* GameCredits.swift */; };
		9B0D9AC12A443755009AB7FC /* BlackboardItem.swift in Sources */ = {isa = PBXBuildFile; fileRef = 9B0D9AC02A443755009AB7FC /* BlackboardItem.swift */; };
		9B0D9AC32A4437F6009AB7FC /* BlackboardScene.swift in Sources */ = {isa = PBXBuildFile; fileRef = 9B0D9AC22A4437F6009AB7FC /* BlackboardScene.swift */; };
		9B0D9AC62A443DA0009AB7FC /* CupboardItem.swift in Sources */ = {isa = PBXBuildFile; fileRef = 9B0D9AC52A443DA0009AB7FC /* CupboardItem.swift */; };
		9B0D9AC82A443DC4009AB7FC /* CupboardScene.swift in Sources */ = {isa = PBXBuildFile; fileRef = 9B0D9AC72A443DC4009AB7FC /* CupboardScene.swift */; };
		9B1E91AF2A47773F00ADD9A4 /* blackboard_I.mp3 in Resources */ = {isa = PBXBuildFile; fileRef = 9B1E91AB2A47773F00ADD9A4 /* blackboard_I.mp3 */; };
		9B1E91B02A47773F00ADD9A4 /* blackboard_L.mp3 in Resources */ = {isa = PBXBuildFile; fileRef = 9B1E91AC2A47773F00ADD9A4 /* blackboard_L.mp3 */; };
		9B1E91B12A47773F00ADD9A4 /* blackboard_A.mp3 in Resources */ = {isa = PBXBuildFile; fileRef = 9B1E91AD2A47773F00ADD9A4 /* blackboard_A.mp3 */; };
		9B1E91B22A47773F00ADD9A4 /* blackboard_F.mp3 in Resources */ = {isa = PBXBuildFile; fileRef = 9B1E91AE2A47773F00ADD9A4 /* blackboard_F.mp3 */; };
		9B1E91B42A47788500ADD9A4 /* cupboardOpening.mp3 in Resources */ = {isa = PBXBuildFile; fileRef = 9B1E91B32A47788500ADD9A4 /* cupboardOpening.mp3 */; };
		9B1E91B72A484D4300ADD9A4 /* MainMenu.swift in Sources */ = {isa = PBXBuildFile; fileRef = 9B1E91B62A484D4300ADD9A4 /* MainMenu.swift */; };
		9B1E91B92A484D5D00ADD9A4 /* MainMenu.sks in Resources */ = {isa = PBXBuildFile; fileRef = 9B1E91B82A484D5D00ADD9A4 /* MainMenu.sks */; };
		9B1E91C12A4C3DA200ADD9A4 /* DrawerItem.swift in Sources */ = {isa = PBXBuildFile; fileRef = 9B1E91C02A4C3DA200ADD9A4 /* DrawerItem.swift */; };
		9B1E91C32A4C3E0F00ADD9A4 /* DrawerScene.swift in Sources */ = {isa = PBXBuildFile; fileRef = 9B1E91C22A4C3E0F00ADD9A4 /* DrawerScene.swift */; };
		9B1E91C62A4C44FF00ADD9A4 /* TVItem.swift in Sources */ = {isa = PBXBuildFile; fileRef = 9B1E91C52A4C44FF00ADD9A4 /* TVItem.swift */; };
		9B1E91C82A4C450E00ADD9A4 /* TVScene.swift in Sources */ = {isa = PBXBuildFile; fileRef = 9B1E91C72A4C450E00ADD9A4 /* TVScene.swift */; };
		9B7B328D2A4E81FD006E4797 /* hulberthopperdisplay.otf in Resources */ = {isa = PBXBuildFile; fileRef = 9B7B328C2A4E81E8006E4797 /* hulberthopperdisplay.otf */; };
		9B7B32912A4E8AA6006E4797 /* RightChairItem.swift in Sources */ = {isa = PBXBuildFile; fileRef = 9B7B32902A4E8AA6006E4797 /* RightChairItem.swift */; };
		9B7B32932A4E8AFA006E4797 /* RightChairScene.swift in Sources */ = {isa = PBXBuildFile; fileRef = 9B7B32922A4E8AFA006E4797 /* RightChairScene.swift */; };
		9B7B32992A4EC4DB006E4797 /* window3_openclose.wav in Resources */ = {isa = PBXBuildFile; fileRef = 9B7B32972A4EC4DB006E4797 /* window3_openclose.wav */; };
		9B7B329A2A4EC4DB006E4797 /* window2_openclose.wav in Resources */ = {isa = PBXBuildFile; fileRef = 9B7B32982A4EC4DB006E4797 /* window2_openclose.wav */; };
		9B7B329C2A4EC54D006E4797 /* paperFlip.wav in Resources */ = {isa = PBXBuildFile; fileRef = 9B7B329B2A4EC54D006E4797 /* paperFlip.wav */; };
		9B7B329E2A4EC6D8006E4797 /* mainmenu.wav in Resources */ = {isa = PBXBuildFile; fileRef = 9B7B329D2A4EC6D8006E4797 /* mainmenu.wav */; };
		9B7B32A02A4EC7DC006E4797 /* bellRing_5s.wav in Resources */ = {isa = PBXBuildFile; fileRef = 9B7B329F2A4EC7DC006E4797 /* bellRing_5s.wav */; };
		9B7B32A22A4EC87B006E4797 /* clickplay.mp3 in Resources */ = {isa = PBXBuildFile; fileRef = 9B7B32A12A4EC87B006E4797 /* clickplay.mp3 */; };
		9B7B32A52A4F3109006E4797 /* television_1.wav in Resources */ = {isa = PBXBuildFile; fileRef = 9B7B32A42A4F3109006E4797 /* television_1.wav */; };
		9B7B32A72A4F310E006E4797 /* television_3.wav in Resources */ = {isa = PBXBuildFile; fileRef = 9B7B32A62A4F310E006E4797 /* television_3.wav */; };
		9B7B32A92A4F311B006E4797 /* window_outside.wav in Resources */ = {isa = PBXBuildFile; fileRef = 9B7B32A82A4F311B006E4797 /* window_outside.wav */; };
		9B7B32AB2A4F312A006E4797 /* drawer_1.wav in Resources */ = {isa = PBXBuildFile; fileRef = 9B7B32AA2A4F312A006E4797 /* drawer_1.wav */; };
		9B7B32AD2A4F45FE006E4797 /* jumpscareFix.wav in Resources */ = {isa = PBXBuildFile; fileRef = 9B7B32AC2A4F45FE006E4797 /* jumpscareFix.wav */; };
		9BAC41B62A4DDC3300782376 /* jumpscare.wav in Resources */ = {isa = PBXBuildFile; fileRef = 9BAC41B52A4DDC3300782376 /* jumpscare.wav */; };
		9BAC41B82A4DE6D700782376 /* GameOverTransition.swift in Sources */ = {isa = PBXBuildFile; fileRef = 9BAC41B72A4DE6D700782376 /* GameOverTransition.swift */; };
		9BAC41BB2A4E06F800782376 /* LeftChairItem.swift in Sources */ = {isa = PBXBuildFile; fileRef = 9BAC41BA2A4E06F800782376 /* LeftChairItem.swift */; };
		9BAC41BD2A4E07DF00782376 /* LeftChairScene.swift in Sources */ = {isa = PBXBuildFile; fileRef = 9BAC41BC2A4E07DF00782376 /* LeftChairScene.swift */; };
		9BCD53272A45929600B09C86 /* GameOver.swift in Sources */ = {isa = PBXBuildFile; fileRef = 9BCD53262A45929600B09C86 /* GameOver.swift */; };
		9BCD532A2A45943200B09C86 /* GameOver.sks in Resources */ = {isa = PBXBuildFile; fileRef = 9BCD53292A45943200B09C86 /* GameOver.sks */; };
		A30F1BB02A48881100F402B5 /* LightSwitchItem.swift in Sources */ = {isa = PBXBuildFile; fileRef = A30F1BAF2A48881100F402B5 /* LightSwitchItem.swift */; };
/* End PBXBuildFile section */

/* Begin PBXFileReference section */
		15662C9F2A41C58F00214FD7 /* Actions.sks */ = {isa = PBXFileReference; lastKnownFileType = file.sks; path = Actions.sks; sourceTree = "<group>"; };
		15662CA02A41C58F00214FD7 /* GameScene.sks */ = {isa = PBXFileReference; lastKnownFileType = file.sks; path = GameScene.sks; sourceTree = "<group>"; };
		15662CA12A41C58F00214FD7 /* GameScene.swift */ = {isa = PBXFileReference; lastKnownFileType = sourcecode.swift; path = GameScene.swift; sourceTree = "<group>"; };
		15662CA22A41C59000214FD7 /* Assets.xcassets */ = {isa = PBXFileReference; lastKnownFileType = folder.assetcatalog; path = Assets.xcassets; sourceTree = "<group>"; };
		15662CA72A41C59000214FD7 /* WaduhTechProj.app */ = {isa = PBXFileReference; explicitFileType = wrapper.application; includeInIndex = 0; path = WaduhTechProj.app; sourceTree = BUILT_PRODUCTS_DIR; };
		15662CAA2A41C59000214FD7 /* AppDelegate.swift */ = {isa = PBXFileReference; lastKnownFileType = sourcecode.swift; path = AppDelegate.swift; sourceTree = "<group>"; };
		15662CAC2A41C59000214FD7 /* GameViewController.swift */ = {isa = PBXFileReference; lastKnownFileType = sourcecode.swift; path = GameViewController.swift; sourceTree = "<group>"; };
		15662CAF2A41C59000214FD7 /* Base */ = {isa = PBXFileReference; lastKnownFileType = file.storyboard; name = Base; path = Base.lproj/Main.storyboard; sourceTree = "<group>"; };
		15662CB22A41C59000214FD7 /* Base */ = {isa = PBXFileReference; lastKnownFileType = file.storyboard; name = Base; path = Base.lproj/LaunchScreen.storyboard; sourceTree = "<group>"; };
		15C3EC582A4368320065FF12 /* WindowScene.swift */ = {isa = PBXFileReference; lastKnownFileType = sourcecode.swift; path = WindowScene.swift; sourceTree = "<group>"; };
		15C3EC5B2A436A990065FF12 /* WindowItem.swift */ = {isa = PBXFileReference; lastKnownFileType = sourcecode.swift; path = WindowItem.swift; sourceTree = "<group>"; };
		15C3EC862A4843FB0065FF12 /* ExamScene.swift */ = {isa = PBXFileReference; lastKnownFileType = sourcecode.swift; path = ExamScene.swift; sourceTree = "<group>"; };
		15C3EC882A48441F0065FF12 /* ExamItem.swift */ = {isa = PBXFileReference; lastKnownFileType = sourcecode.swift; path = ExamItem.swift; sourceTree = "<group>"; };
		15C3EC8B2A484BD30065FF12 /* ExamTableScene.swift */ = {isa = PBXFileReference; lastKnownFileType = sourcecode.swift; path = ExamTableScene.swift; sourceTree = "<group>"; };
		15C3EC8D2A484BDA0065FF12 /* ExamTableItem.swift */ = {isa = PBXFileReference; lastKnownFileType = sourcecode.swift; path = ExamTableItem.swift; sourceTree = "<group>"; };
		15C3EC902A4979850065FF12 /* MovingStage.swift */ = {isa = PBXFileReference; lastKnownFileType = sourcecode.swift; path = MovingStage.swift; sourceTree = "<group>"; };
		15C3EC922A49A2ED0065FF12 /* ExamTransition.swift */ = {isa = PBXFileReference; lastKnownFileType = sourcecode.swift; path = ExamTransition.swift; sourceTree = "<group>"; };
		15C3EC952A4ACDB60065FF12 /* ExamSheetScene.swift */ = {isa = PBXFileReference; lastKnownFileType = sourcecode.swift; path = ExamSheetScene.swift; sourceTree = "<group>"; };
		15C3EC972A4ACDC10065FF12 /* ExamSheetItem.swift */ = {isa = PBXFileReference; lastKnownFileType = sourcecode.swift; path = ExamSheetItem.swift; sourceTree = "<group>"; };
		15C3EC992A4ACE110065FF12 /* QuestionsAndAnswers.swift */ = {isa = PBXFileReference; lastKnownFileType = sourcecode.swift; path = QuestionsAndAnswers.swift; sourceTree = "<group>"; };
		15C3EC9B2A4E06690065FF12 /* LightSwitchScene.swift */ = {isa = PBXFileReference; lastKnownFileType = sourcecode.swift; path = LightSwitchScene.swift; sourceTree = "<group>"; };
		15C3EC9E2A4E8D460065FF12 /* lightswitch3_off.mp3 */ = {isa = PBXFileReference; lastKnownFileType = audio.mp3; name = lightswitch3_off.mp3; path = "Sound Assets/lightswitch3_off.mp3"; sourceTree = SOURCE_ROOT; };
		15C3ECA12A4EB9D20065FF12 /* GameCredits.swift */ = {isa = PBXFileReference; lastKnownFileType = sourcecode.swift; path = GameCredits.swift; sourceTree = "<group>"; };
		9B0D9AC02A443755009AB7FC /* BlackboardItem.swift */ = {isa = PBXFileReference; lastKnownFileType = sourcecode.swift; path = BlackboardItem.swift; sourceTree = "<group>"; };
		9B0D9AC22A4437F6009AB7FC /* BlackboardScene.swift */ = {isa = PBXFileReference; lastKnownFileType = sourcecode.swift; path = BlackboardScene.swift; sourceTree = "<group>"; };
		9B0D9AC52A443DA0009AB7FC /* CupboardItem.swift */ = {isa = PBXFileReference; lastKnownFileType = sourcecode.swift; path = CupboardItem.swift; sourceTree = "<group>"; };
		9B0D9AC72A443DC4009AB7FC /* CupboardScene.swift */ = {isa = PBXFileReference; lastKnownFileType = sourcecode.swift; path = CupboardScene.swift; sourceTree = "<group>"; };
		9B1E91AB2A47773F00ADD9A4 /* blackboard_I.mp3 */ = {isa = PBXFileReference; lastKnownFileType = audio.mp3; path = blackboard_I.mp3; sourceTree = "<group>"; };
		9B1E91AC2A47773F00ADD9A4 /* blackboard_L.mp3 */ = {isa = PBXFileReference; lastKnownFileType = audio.mp3; path = blackboard_L.mp3; sourceTree = "<group>"; };
		9B1E91AD2A47773F00ADD9A4 /* blackboard_A.mp3 */ = {isa = PBXFileReference; lastKnownFileType = audio.mp3; path = blackboard_A.mp3; sourceTree = "<group>"; };
		9B1E91AE2A47773F00ADD9A4 /* blackboard_F.mp3 */ = {isa = PBXFileReference; lastKnownFileType = audio.mp3; path = blackboard_F.mp3; sourceTree = "<group>"; };
		9B1E91B32A47788500ADD9A4 /* cupboardOpening.mp3 */ = {isa = PBXFileReference; lastKnownFileType = audio.mp3; path = cupboardOpening.mp3; sourceTree = "<group>"; };
		9B1E91B62A484D4300ADD9A4 /* MainMenu.swift */ = {isa = PBXFileReference; lastKnownFileType = sourcecode.swift; path = MainMenu.swift; sourceTree = "<group>"; };
		9B1E91B82A484D5D00ADD9A4 /* MainMenu.sks */ = {isa = PBXFileReference; lastKnownFileType = file.sks; path = MainMenu.sks; sourceTree = "<group>"; };
		9B1E91C02A4C3DA200ADD9A4 /* DrawerItem.swift */ = {isa = PBXFileReference; lastKnownFileType = sourcecode.swift; path = DrawerItem.swift; sourceTree = "<group>"; };
		9B1E91C22A4C3E0F00ADD9A4 /* DrawerScene.swift */ = {isa = PBXFileReference; lastKnownFileType = sourcecode.swift; path = DrawerScene.swift; sourceTree = "<group>"; };
		9B1E91C52A4C44FF00ADD9A4 /* TVItem.swift */ = {isa = PBXFileReference; lastKnownFileType = sourcecode.swift; path = TVItem.swift; sourceTree = "<group>"; };
		9B1E91C72A4C450E00ADD9A4 /* TVScene.swift */ = {isa = PBXFileReference; lastKnownFileType = sourcecode.swift; path = TVScene.swift; sourceTree = "<group>"; };
		9B7B328C2A4E81E8006E4797 /* hulberthopperdisplay.otf */ = {isa = PBXFileReference; lastKnownFileType = file; path = hulberthopperdisplay.otf; sourceTree = "<group>"; };
		9B7B328E2A4E8254006E4797 /* WaduhTechProj-iOS-Info.plist */ = {isa = PBXFileReference; lastKnownFileType = text.plist; path = "WaduhTechProj-iOS-Info.plist"; sourceTree = SOURCE_ROOT; };
		9B7B32902A4E8AA6006E4797 /* RightChairItem.swift */ = {isa = PBXFileReference; lastKnownFileType = sourcecode.swift; path = RightChairItem.swift; sourceTree = "<group>"; };
		9B7B32922A4E8AFA006E4797 /* RightChairScene.swift */ = {isa = PBXFileReference; lastKnownFileType = sourcecode.swift; path = RightChairScene.swift; sourceTree = "<group>"; };
		9B7B32972A4EC4DB006E4797 /* window3_openclose.wav */ = {isa = PBXFileReference; lastKnownFileType = audio.wav; name = window3_openclose.wav; path = "Sound Assets/window3_openclose.wav"; sourceTree = SOURCE_ROOT; };
		9B7B32982A4EC4DB006E4797 /* window2_openclose.wav */ = {isa = PBXFileReference; lastKnownFileType = audio.wav; name = window2_openclose.wav; path = "Sound Assets/window2_openclose.wav"; sourceTree = SOURCE_ROOT; };
		9B7B329B2A4EC54D006E4797 /* paperFlip.wav */ = {isa = PBXFileReference; lastKnownFileType = audio.wav; name = paperFlip.wav; path = "Sound Assets/paperFlip.wav"; sourceTree = SOURCE_ROOT; };
		9B7B329D2A4EC6D8006E4797 /* mainmenu.wav */ = {isa = PBXFileReference; lastKnownFileType = audio.wav; name = mainmenu.wav; path = "Sound Assets/mainmenu.wav"; sourceTree = SOURCE_ROOT; };
		9B7B329F2A4EC7DC006E4797 /* bellRing_5s.wav */ = {isa = PBXFileReference; lastKnownFileType = audio.wav; name = bellRing_5s.wav; path = "Sound Assets/bellRing_5s.wav"; sourceTree = SOURCE_ROOT; };
		9B7B32A12A4EC87B006E4797 /* clickplay.mp3 */ = {isa = PBXFileReference; lastKnownFileType = audio.mp3; name = clickplay.mp3; path = "Sound Assets/clickplay.mp3"; sourceTree = SOURCE_ROOT; };
		9B7B32A42A4F3109006E4797 /* television_1.wav */ = {isa = PBXFileReference; lastKnownFileType = audio.wav; name = television_1.wav; path = "Sound Assets/television_1.wav"; sourceTree = SOURCE_ROOT; };
		9B7B32A62A4F310E006E4797 /* television_3.wav */ = {isa = PBXFileReference; lastKnownFileType = audio.wav; name = television_3.wav; path = "Sound Assets/television_3.wav"; sourceTree = SOURCE_ROOT; };
		9B7B32A82A4F311B006E4797 /* window_outside.wav */ = {isa = PBXFileReference; lastKnownFileType = audio.wav; name = window_outside.wav; path = "Sound Assets/window_outside.wav"; sourceTree = SOURCE_ROOT; };
		9B7B32AA2A4F312A006E4797 /* drawer_1.wav */ = {isa = PBXFileReference; lastKnownFileType = audio.wav; name = drawer_1.wav; path = "Sound Assets/drawer_1.wav"; sourceTree = SOURCE_ROOT; };
		9B7B32AC2A4F45FE006E4797 /* jumpscareFix.wav */ = {isa = PBXFileReference; lastKnownFileType = audio.wav; path = jumpscareFix.wav; sourceTree = "<group>"; };
		9BAC41B52A4DDC3300782376 /* jumpscare.wav */ = {isa = PBXFileReference; lastKnownFileType = audio.wav; path = jumpscare.wav; sourceTree = "<group>"; };
		9BAC41B72A4DE6D700782376 /* GameOverTransition.swift */ = {isa = PBXFileReference; lastKnownFileType = sourcecode.swift; path = GameOverTransition.swift; sourceTree = "<group>"; };
		9BAC41BA2A4E06F800782376 /* LeftChairItem.swift */ = {isa = PBXFileReference; lastKnownFileType = sourcecode.swift; path = LeftChairItem.swift; sourceTree = "<group>"; };
		9BAC41BC2A4E07DF00782376 /* LeftChairScene.swift */ = {isa = PBXFileReference; lastKnownFileType = sourcecode.swift; path = LeftChairScene.swift; sourceTree = "<group>"; };
		9BCD53262A45929600B09C86 /* GameOver.swift */ = {isa = PBXFileReference; lastKnownFileType = sourcecode.swift; path = GameOver.swift; sourceTree = "<group>"; };
		9BCD53292A45943200B09C86 /* GameOver.sks */ = {isa = PBXFileReference; lastKnownFileType = file.sks; path = GameOver.sks; sourceTree = "<group>"; };
		A30F1BAF2A48881100F402B5 /* LightSwitchItem.swift */ = {isa = PBXFileReference; lastKnownFileType = sourcecode.swift; path = LightSwitchItem.swift; sourceTree = "<group>"; };
/* End PBXFileReference section */

/* Begin PBXFrameworksBuildPhase section */
		15662CA42A41C59000214FD7 /* Frameworks */ = {
			isa = PBXFrameworksBuildPhase;
			buildActionMask = 2147483647;
			files = (
			);
			runOnlyForDeploymentPostprocessing = 0;
		};
/* End PBXFrameworksBuildPhase section */

/* Begin PBXGroup section */
		15662C992A41C58E00214FD7 = {
			isa = PBXGroup;
			children = (
				15662CA92A41C59000214FD7 /* WaduhTechProj iOS */,
				15662C9E2A41C58F00214FD7 /* WaduhTechProj Shared */,
				15662CA82A41C59000214FD7 /* Products */,
			);
			sourceTree = "<group>";
		};
		15662C9E2A41C58F00214FD7 /* WaduhTechProj Shared */ = {
			isa = PBXGroup;
			children = (
				15662C9F2A41C58F00214FD7 /* Actions.sks */,
				15662CA02A41C58F00214FD7 /* GameScene.sks */,
				15662CA12A41C58F00214FD7 /* GameScene.swift */,
				15C3ECA02A4EB9880065FF12 /* CreditScene */,
				15C3EC942A4ACD1F0065FF12 /* Exam Sheet */,
				15C3EC8F2A4979710065FF12 /* Variables */,
				9B7B32942A4EBDC1006E4797 /* Component */,
				9B1E91B52A484CCD00ADD9A4 /* Main Menu */,
				9BCD53282A45929E00B09C86 /* Game Over */,
				9B7B328B2A4E81B2006E4797 /* Fonts */,
				9B1E91AA2A47772300ADD9A4 /* Audio */,
				15662CA22A41C59000214FD7 /* Assets.xcassets */,
			);
			path = "WaduhTechProj Shared";
			sourceTree = "<group>";
		};
		15662CA82A41C59000214FD7 /* Products */ = {
			isa = PBXGroup;
			children = (
				15662CA72A41C59000214FD7 /* WaduhTechProj.app */,
			);
			name = Products;
			sourceTree = "<group>";
		};
		15662CA92A41C59000214FD7 /* WaduhTechProj iOS */ = {
			isa = PBXGroup;
			children = (
				9B7B328E2A4E8254006E4797 /* WaduhTechProj-iOS-Info.plist */,
				15662CAA2A41C59000214FD7 /* AppDelegate.swift */,
				15662CAC2A41C59000214FD7 /* GameViewController.swift */,
				15662CAE2A41C59000214FD7 /* Main.storyboard */,
				15662CB12A41C59000214FD7 /* LaunchScreen.storyboard */,
			);
			path = "WaduhTechProj iOS";
			sourceTree = "<group>";
		};
		15C3EC5A2A436A880065FF12 /* Window */ = {
			isa = PBXGroup;
			children = (
				15C3EC5B2A436A990065FF12 /* WindowItem.swift */,
				15C3EC582A4368320065FF12 /* WindowScene.swift */,
			);
			path = Window;
			sourceTree = "<group>";
		};
		15C3EC852A4843E00065FF12 /* Exam */ = {
			isa = PBXGroup;
			children = (
				15C3EC862A4843FB0065FF12 /* ExamScene.swift */,
				15C3EC882A48441F0065FF12 /* ExamItem.swift */,
			);
			path = Exam;
			sourceTree = "<group>";
		};
		15C3EC8A2A484B8F0065FF12 /* ExamTable */ = {
			isa = PBXGroup;
			children = (
				15C3EC8B2A484BD30065FF12 /* ExamTableScene.swift */,
				15C3EC8D2A484BDA0065FF12 /* ExamTableItem.swift */,
			);
			path = ExamTable;
			sourceTree = "<group>";
		};
		15C3EC8F2A4979710065FF12 /* Variables */ = {
			isa = PBXGroup;
			children = (
				15C3EC902A4979850065FF12 /* MovingStage.swift */,
			);
			path = Variables;
			sourceTree = "<group>";
		};
		15C3EC942A4ACD1F0065FF12 /* Exam Sheet */ = {
			isa = PBXGroup;
			children = (
				15C3EC952A4ACDB60065FF12 /* ExamSheetScene.swift */,
				15C3EC972A4ACDC10065FF12 /* ExamSheetItem.swift */,
				15C3EC992A4ACE110065FF12 /* QuestionsAndAnswers.swift */,
			);
			path = "Exam Sheet";
			sourceTree = "<group>";
		};
		15C3ECA02A4EB9880065FF12 /* CreditScene */ = {
			isa = PBXGroup;
			children = (
				15C3ECA12A4EB9D20065FF12 /* GameCredits.swift */,
			);
			path = CreditScene;
			sourceTree = "<group>";
		};
		9B0D9ABF2A4435D9009AB7FC /* Blackboard */ = {
			isa = PBXGroup;
			children = (
				9B0D9AC02A443755009AB7FC /* BlackboardItem.swift */,
				9B0D9AC22A4437F6009AB7FC /* BlackboardScene.swift */,
			);
			path = Blackboard;
			sourceTree = "<group>";
		};
		9B0D9AC42A443D94009AB7FC /* Cupboard */ = {
			isa = PBXGroup;
			children = (
				9B0D9AC52A443DA0009AB7FC /* CupboardItem.swift */,
				9B0D9AC72A443DC4009AB7FC /* CupboardScene.swift */,
			);
			path = Cupboard;
			sourceTree = "<group>";
		};
		9B1E91AA2A47772300ADD9A4 /* Audio */ = {
			isa = PBXGroup;
			children = (
				9B7B32AA2A4F312A006E4797 /* drawer_1.wav */,
				9B7B32A42A4F3109006E4797 /* television_1.wav */,
				9B7B32A12A4EC87B006E4797 /* clickplay.mp3 */,
				9B7B32A82A4F311B006E4797 /* window_outside.wav */,
				9B7B329F2A4EC7DC006E4797 /* bellRing_5s.wav */,
				9B7B32A62A4F310E006E4797 /* television_3.wav */,
				9B7B329D2A4EC6D8006E4797 /* mainmenu.wav */,
				9B7B329B2A4EC54D006E4797 /* paperFlip.wav */,
				15C3EC9E2A4E8D460065FF12 /* lightswitch3_off.mp3 */,
				9BAC41B52A4DDC3300782376 /* jumpscare.wav */,
				9B7B32AC2A4F45FE006E4797 /* jumpscareFix.wav */,
				9B1E91AD2A47773F00ADD9A4 /* blackboard_A.mp3 */,
				9B1E91AE2A47773F00ADD9A4 /* blackboard_F.mp3 */,
				9B1E91AB2A47773F00ADD9A4 /* blackboard_I.mp3 */,
				9B1E91AC2A47773F00ADD9A4 /* blackboard_L.mp3 */,
				9B1E91B32A47788500ADD9A4 /* cupboardOpening.mp3 */,
				9B7B32982A4EC4DB006E4797 /* window2_openclose.wav */,
				9B7B32972A4EC4DB006E4797 /* window3_openclose.wav */,
			);
			path = Audio;
			sourceTree = "<group>";
		};
		9B1E91B52A484CCD00ADD9A4 /* Main Menu */ = {
			isa = PBXGroup;
			children = (
				9B1E91B82A484D5D00ADD9A4 /* MainMenu.sks */,
				9B1E91B62A484D4300ADD9A4 /* MainMenu.swift */,
				15C3EC922A49A2ED0065FF12 /* ExamTransition.swift */,
			);
			path = "Main Menu";
			sourceTree = "<group>";
		};
		9B1E91BF2A4C3D9200ADD9A4 /* Drawer */ = {
			isa = PBXGroup;
			children = (
				9B1E91C02A4C3DA200ADD9A4 /* DrawerItem.swift */,
				9B1E91C22A4C3E0F00ADD9A4 /* DrawerScene.swift */,
			);
			path = Drawer;
			sourceTree = "<group>";
		};
		9B1E91C42A4C44E800ADD9A4 /* TV */ = {
			isa = PBXGroup;
			children = (
				9B1E91C52A4C44FF00ADD9A4 /* TVItem.swift */,
				9B1E91C72A4C450E00ADD9A4 /* TVScene.swift */,
			);
			path = TV;
			sourceTree = "<group>";
		};
		9B7B328B2A4E81B2006E4797 /* Fonts */ = {
			isa = PBXGroup;
			children = (
				9B7B328C2A4E81E8006E4797 /* hulberthopperdisplay.otf */,
			);
			path = Fonts;
			sourceTree = "<group>";
		};
		9B7B328F2A4E8A94006E4797 /* RightChair */ = {
			isa = PBXGroup;
			children = (
				9B7B32902A4E8AA6006E4797 /* RightChairItem.swift */,
				9B7B32922A4E8AFA006E4797 /* RightChairScene.swift */,
			);
			path = RightChair;
			sourceTree = "<group>";
		};
		9B7B32942A4EBDC1006E4797 /* Component */ = {
			isa = PBXGroup;
			children = (
				15C3EC8A2A484B8F0065FF12 /* ExamTable */,
				15C3EC852A4843E00065FF12 /* Exam */,
				A30F1BB12A49349300F402B5 /* LightSwitch */,
				9B0D9AC42A443D94009AB7FC /* Cupboard */,
				15C3EC5A2A436A880065FF12 /* Window */,
				9B0D9ABF2A4435D9009AB7FC /* Blackboard */,
				9B1E91BF2A4C3D9200ADD9A4 /* Drawer */,
				9B1E91C42A4C44E800ADD9A4 /* TV */,
				9BAC41B92A4E06B100782376 /* LeftChair */,
				9B7B328F2A4E8A94006E4797 /* RightChair */,
			);
			path = Component;
			sourceTree = "<group>";
		};
		9BAC41B92A4E06B100782376 /* LeftChair */ = {
			isa = PBXGroup;
			children = (
				9BAC41BA2A4E06F800782376 /* LeftChairItem.swift */,
				9BAC41BC2A4E07DF00782376 /* LeftChairScene.swift */,
			);
			path = LeftChair;
			sourceTree = "<group>";
		};
		9BCD53282A45929E00B09C86 /* Game Over */ = {
			isa = PBXGroup;
			children = (
				9BCD53292A45943200B09C86 /* GameOver.sks */,
				9BCD53262A45929600B09C86 /* GameOver.swift */,
				9BAC41B72A4DE6D700782376 /* GameOverTransition.swift */,
			);
			path = "Game Over";
			sourceTree = "<group>";
		};
		A30F1BB12A49349300F402B5 /* LightSwitch */ = {
			isa = PBXGroup;
			children = (
				A30F1BAF2A48881100F402B5 /* LightSwitchItem.swift */,
				15C3EC9B2A4E06690065FF12 /* LightSwitchScene.swift */,
			);
			path = LightSwitch;
			sourceTree = "<group>";
		};
/* End PBXGroup section */

/* Begin PBXNativeTarget section */
		15662CA62A41C59000214FD7 /* WaduhTechProj iOS */ = {
			isa = PBXNativeTarget;
			buildConfigurationList = 15662CBA2A41C59000214FD7 /* Build configuration list for PBXNativeTarget "WaduhTechProj iOS" */;
			buildPhases = (
				15662CA32A41C59000214FD7 /* Sources */,
				15662CA42A41C59000214FD7 /* Frameworks */,
				15662CA52A41C59000214FD7 /* Resources */,
			);
			buildRules = (
			);
			dependencies = (
			);
			name = "WaduhTechProj iOS";
			productName = "WaduhTechProj iOS";
			productReference = 15662CA72A41C59000214FD7 /* WaduhTechProj.app */;
			productType = "com.apple.product-type.application";
		};
/* End PBXNativeTarget section */

/* Begin PBXProject section */
		15662C9A2A41C58E00214FD7 /* Project object */ = {
			isa = PBXProject;
			attributes = {
				BuildIndependentTargetsInParallel = 1;
				LastSwiftUpdateCheck = 1430;
				LastUpgradeCheck = 1430;
				TargetAttributes = {
					15662CA62A41C59000214FD7 = {
						CreatedOnToolsVersion = 14.3;
					};
				};
			};
			buildConfigurationList = 15662C9D2A41C58E00214FD7 /* Build configuration list for PBXProject "WaduhTechProj" */;
			compatibilityVersion = "Xcode 14.0";
			developmentRegion = en;
			hasScannedForEncodings = 0;
			knownRegions = (
				en,
				Base,
			);
			mainGroup = 15662C992A41C58E00214FD7;
			productRefGroup = 15662CA82A41C59000214FD7 /* Products */;
			projectDirPath = "";
			projectRoot = "";
			targets = (
				15662CA62A41C59000214FD7 /* WaduhTechProj iOS */,
			);
		};
/* End PBXProject section */

/* Begin PBXResourcesBuildPhase section */
		15662CA52A41C59000214FD7 /* Resources */ = {
			isa = PBXResourcesBuildPhase;
			buildActionMask = 2147483647;
			files = (
				15662CB52A41C59000214FD7 /* GameScene.sks in Resources */,
				9B1E91B92A484D5D00ADD9A4 /* MainMenu.sks in Resources */,
				9B7B32A92A4F311B006E4797 /* window_outside.wav in Resources */,
				9B7B32AD2A4F45FE006E4797 /* jumpscareFix.wav in Resources */,
				9B7B32A72A4F310E006E4797 /* television_3.wav in Resources */,
				9BCD532A2A45943200B09C86 /* GameOver.sks in Resources */,
				9B7B32992A4EC4DB006E4797 /* window3_openclose.wav in Resources */,
				9B7B329C2A4EC54D006E4797 /* paperFlip.wav in Resources */,
				9B7B329A2A4EC4DB006E4797 /* window2_openclose.wav in Resources */,
				9B1E91B12A47773F00ADD9A4 /* blackboard_A.mp3 in Resources */,
				9BAC41B62A4DDC3300782376 /* jumpscare.wav in Resources */,
				15662CB02A41C59000214FD7 /* Main.storyboard in Resources */,
				15662CB42A41C59000214FD7 /* Actions.sks in Resources */,
				9B1E91AF2A47773F00ADD9A4 /* blackboard_I.mp3 in Resources */,
				9B7B32AB2A4F312A006E4797 /* drawer_1.wav in Resources */,
				15662CB32A41C59000214FD7 /* LaunchScreen.storyboard in Resources */,
				9B1E91B02A47773F00ADD9A4 /* blackboard_L.mp3 in Resources */,
				9B7B32A22A4EC87B006E4797 /* clickplay.mp3 in Resources */,
				9B7B32A02A4EC7DC006E4797 /* bellRing_5s.wav in Resources */,
				9B1E91B42A47788500ADD9A4 /* cupboardOpening.mp3 in Resources */,
				15C3EC9F2A4E8D460065FF12 /* lightswitch3_off.mp3 in Resources */,
				9B7B329E2A4EC6D8006E4797 /* mainmenu.wav in Resources */,
				9B7B32A52A4F3109006E4797 /* television_1.wav in Resources */,
				9B7B328D2A4E81FD006E4797 /* hulberthopperdisplay.otf in Resources */,
				9B1E91B22A47773F00ADD9A4 /* blackboard_F.mp3 in Resources */,
				15662CB72A41C59000214FD7 /* Assets.xcassets in Resources */,
			);
			runOnlyForDeploymentPostprocessing = 0;
		};
/* End PBXResourcesBuildPhase section */

/* Begin PBXSourcesBuildPhase section */
		15662CA32A41C59000214FD7 /* Sources */ = {
			isa = PBXSourcesBuildPhase;
			buildActionMask = 2147483647;
			files = (
				9B1E91C82A4C450E00ADD9A4 /* TVScene.swift in Sources */,
				9B1E91C12A4C3DA200ADD9A4 /* DrawerItem.swift in Sources */,
				9BAC41B82A4DE6D700782376 /* GameOverTransition.swift in Sources */,
				9B1E91B72A484D4300ADD9A4 /* MainMenu.swift in Sources */,
				15C3EC982A4ACDC10065FF12 /* ExamSheetItem.swift in Sources */,
				15C3EC9A2A4ACE110065FF12 /* QuestionsAndAnswers.swift in Sources */,
				A30F1BB02A48881100F402B5 /* LightSwitchItem.swift in Sources */,
				15662CB62A41C59000214FD7 /* GameScene.swift in Sources */,
				15C3EC5C2A436A990065FF12 /* WindowItem.swift in Sources */,
				15C3EC912A4979850065FF12 /* MovingStage.swift in Sources */,
				15662CAD2A41C59000214FD7 /* GameViewController.swift in Sources */,
				15C3EC892A48441F0065FF12 /* ExamItem.swift in Sources */,
				9BCD53272A45929600B09C86 /* GameOver.swift in Sources */,
				15C3EC9C2A4E06690065FF12 /* LightSwitchScene.swift in Sources */,
				15C3EC8E2A484BDA0065FF12 /* ExamTableItem.swift in Sources */,
				9B1E91C62A4C44FF00ADD9A4 /* TVItem.swift in Sources */,
				15C3EC592A4368320065FF12 /* WindowScene.swift in Sources */,
				15C3EC8C2A484BD30065FF12 /* ExamTableScene.swift in Sources */,
				15C3EC932A49A2ED0065FF12 /* ExamTransition.swift in Sources */,
				9B7B32912A4E8AA6006E4797 /* RightChairItem.swift in Sources */,
				15C3ECA22A4EB9D20065FF12 /* GameCredits.swift in Sources */,
				9B1E91C32A4C3E0F00ADD9A4 /* DrawerScene.swift in Sources */,
				9BAC41BD2A4E07DF00782376 /* LeftChairScene.swift in Sources */,
				9B0D9AC62A443DA0009AB7FC /* CupboardItem.swift in Sources */,
				9B0D9AC32A4437F6009AB7FC /* BlackboardScene.swift in Sources */,
				15C3EC962A4ACDB60065FF12 /* ExamSheetScene.swift in Sources */,
				15C3EC872A4843FB0065FF12 /* ExamScene.swift in Sources */,
				15662CAB2A41C59000214FD7 /* AppDelegate.swift in Sources */,
				9BAC41BB2A4E06F800782376 /* LeftChairItem.swift in Sources */,
				9B7B32932A4E8AFA006E4797 /* RightChairScene.swift in Sources */,
				9B0D9AC82A443DC4009AB7FC /* CupboardScene.swift in Sources */,
				9B0D9AC12A443755009AB7FC /* BlackboardItem.swift in Sources */,
			);
			runOnlyForDeploymentPostprocessing = 0;
		};
/* End PBXSourcesBuildPhase section */

/* Begin PBXVariantGroup section */
		15662CAE2A41C59000214FD7 /* Main.storyboard */ = {
			isa = PBXVariantGroup;
			children = (
				15662CAF2A41C59000214FD7 /* Base */,
			);
			name = Main.storyboard;
			sourceTree = "<group>";
		};
		15662CB12A41C59000214FD7 /* LaunchScreen.storyboard */ = {
			isa = PBXVariantGroup;
			children = (
				15662CB22A41C59000214FD7 /* Base */,
			);
			name = LaunchScreen.storyboard;
			sourceTree = "<group>";
		};
/* End PBXVariantGroup section */

/* Begin XCBuildConfiguration section */
		15662CB82A41C59000214FD7 /* Debug */ = {
			isa = XCBuildConfiguration;
			buildSettings = {
				ALWAYS_SEARCH_USER_PATHS = NO;
				CLANG_ANALYZER_NONNULL = YES;
				CLANG_ANALYZER_NUMBER_OBJECT_CONVERSION = YES_AGGRESSIVE;
				CLANG_CXX_LANGUAGE_STANDARD = "gnu++20";
				CLANG_ENABLE_MODULES = YES;
				CLANG_ENABLE_OBJC_ARC = YES;
				CLANG_ENABLE_OBJC_WEAK = YES;
				CLANG_WARN_BLOCK_CAPTURE_AUTORELEASING = YES;
				CLANG_WARN_BOOL_CONVERSION = YES;
				CLANG_WARN_COMMA = YES;
				CLANG_WARN_CONSTANT_CONVERSION = YES;
				CLANG_WARN_DEPRECATED_OBJC_IMPLEMENTATIONS = YES;
				CLANG_WARN_DIRECT_OBJC_ISA_USAGE = YES_ERROR;
				CLANG_WARN_DOCUMENTATION_COMMENTS = YES;
				CLANG_WARN_EMPTY_BODY = YES;
				CLANG_WARN_ENUM_CONVERSION = YES;
				CLANG_WARN_INFINITE_RECURSION = YES;
				CLANG_WARN_INT_CONVERSION = YES;
				CLANG_WARN_NON_LITERAL_NULL_CONVERSION = YES;
				CLANG_WARN_OBJC_IMPLICIT_RETAIN_SELF = YES;
				CLANG_WARN_OBJC_LITERAL_CONVERSION = YES;
				CLANG_WARN_OBJC_ROOT_CLASS = YES_ERROR;
				CLANG_WARN_QUOTED_INCLUDE_IN_FRAMEWORK_HEADER = YES;
				CLANG_WARN_RANGE_LOOP_ANALYSIS = YES;
				CLANG_WARN_STRICT_PROTOTYPES = YES;
				CLANG_WARN_SUSPICIOUS_MOVE = YES;
				CLANG_WARN_UNGUARDED_AVAILABILITY = YES_AGGRESSIVE;
				CLANG_WARN_UNREACHABLE_CODE = YES;
				CLANG_WARN__DUPLICATE_METHOD_MATCH = YES;
				COPY_PHASE_STRIP = NO;
				DEBUG_INFORMATION_FORMAT = dwarf;
				ENABLE_STRICT_OBJC_MSGSEND = YES;
				ENABLE_TESTABILITY = YES;
				GCC_C_LANGUAGE_STANDARD = gnu11;
				GCC_DYNAMIC_NO_PIC = NO;
				GCC_NO_COMMON_BLOCKS = YES;
				GCC_OPTIMIZATION_LEVEL = 0;
				GCC_PREPROCESSOR_DEFINITIONS = (
					"DEBUG=1",
					"$(inherited)",
				);
				GCC_WARN_64_TO_32_BIT_CONVERSION = YES;
				GCC_WARN_ABOUT_RETURN_TYPE = YES_ERROR;
				GCC_WARN_UNDECLARED_SELECTOR = YES;
				GCC_WARN_UNINITIALIZED_AUTOS = YES_AGGRESSIVE;
				GCC_WARN_UNUSED_FUNCTION = YES;
				GCC_WARN_UNUSED_VARIABLE = YES;
				MTL_ENABLE_DEBUG_INFO = INCLUDE_SOURCE;
				MTL_FAST_MATH = YES;
				ONLY_ACTIVE_ARCH = YES;
				SWIFT_ACTIVE_COMPILATION_CONDITIONS = DEBUG;
				SWIFT_OPTIMIZATION_LEVEL = "-Onone";
			};
			name = Debug;
		};
		15662CB92A41C59000214FD7 /* Release */ = {
			isa = XCBuildConfiguration;
			buildSettings = {
				ALWAYS_SEARCH_USER_PATHS = NO;
				CLANG_ANALYZER_NONNULL = YES;
				CLANG_ANALYZER_NUMBER_OBJECT_CONVERSION = YES_AGGRESSIVE;
				CLANG_CXX_LANGUAGE_STANDARD = "gnu++20";
				CLANG_ENABLE_MODULES = YES;
				CLANG_ENABLE_OBJC_ARC = YES;
				CLANG_ENABLE_OBJC_WEAK = YES;
				CLANG_WARN_BLOCK_CAPTURE_AUTORELEASING = YES;
				CLANG_WARN_BOOL_CONVERSION = YES;
				CLANG_WARN_COMMA = YES;
				CLANG_WARN_CONSTANT_CONVERSION = YES;
				CLANG_WARN_DEPRECATED_OBJC_IMPLEMENTATIONS = YES;
				CLANG_WARN_DIRECT_OBJC_ISA_USAGE = YES_ERROR;
				CLANG_WARN_DOCUMENTATION_COMMENTS = YES;
				CLANG_WARN_EMPTY_BODY = YES;
				CLANG_WARN_ENUM_CONVERSION = YES;
				CLANG_WARN_INFINITE_RECURSION = YES;
				CLANG_WARN_INT_CONVERSION = YES;
				CLANG_WARN_NON_LITERAL_NULL_CONVERSION = YES;
				CLANG_WARN_OBJC_IMPLICIT_RETAIN_SELF = YES;
				CLANG_WARN_OBJC_LITERAL_CONVERSION = YES;
				CLANG_WARN_OBJC_ROOT_CLASS = YES_ERROR;
				CLANG_WARN_QUOTED_INCLUDE_IN_FRAMEWORK_HEADER = YES;
				CLANG_WARN_RANGE_LOOP_ANALYSIS = YES;
				CLANG_WARN_STRICT_PROTOTYPES = YES;
				CLANG_WARN_SUSPICIOUS_MOVE = YES;
				CLANG_WARN_UNGUARDED_AVAILABILITY = YES_AGGRESSIVE;
				CLANG_WARN_UNREACHABLE_CODE = YES;
				CLANG_WARN__DUPLICATE_METHOD_MATCH = YES;
				COPY_PHASE_STRIP = NO;
				DEBUG_INFORMATION_FORMAT = "dwarf-with-dsym";
				ENABLE_NS_ASSERTIONS = NO;
				ENABLE_STRICT_OBJC_MSGSEND = YES;
				GCC_C_LANGUAGE_STANDARD = gnu11;
				GCC_NO_COMMON_BLOCKS = YES;
				GCC_WARN_64_TO_32_BIT_CONVERSION = YES;
				GCC_WARN_ABOUT_RETURN_TYPE = YES_ERROR;
				GCC_WARN_UNDECLARED_SELECTOR = YES;
				GCC_WARN_UNINITIALIZED_AUTOS = YES_AGGRESSIVE;
				GCC_WARN_UNUSED_FUNCTION = YES;
				GCC_WARN_UNUSED_VARIABLE = YES;
				MTL_ENABLE_DEBUG_INFO = NO;
				MTL_FAST_MATH = YES;
				SWIFT_COMPILATION_MODE = wholemodule;
				SWIFT_OPTIMIZATION_LEVEL = "-O";
			};
			name = Release;
		};
		15662CBB2A41C59000214FD7 /* Debug */ = {
			isa = XCBuildConfiguration;
			buildSettings = {
				ASSETCATALOG_COMPILER_APPICON_NAME = AppIcon;
				ASSETCATALOG_COMPILER_GLOBAL_ACCENT_COLOR_NAME = AccentColor;
				CODE_SIGN_STYLE = Automatic;
				CURRENT_PROJECT_VERSION = 1;
				DEVELOPMENT_TEAM = 35V95TRX69;
				GENERATE_INFOPLIST_FILE = YES;
				INFOPLIST_FILE = "WaduhTechProj-iOS-Info.plist";
				INFOPLIST_KEY_UIApplicationSupportsIndirectInputEvents = YES;
				INFOPLIST_KEY_UILaunchStoryboardName = LaunchScreen;
				INFOPLIST_KEY_UIMainStoryboardFile = Main;
				INFOPLIST_KEY_UIStatusBarHidden = YES;
				INFOPLIST_KEY_UISupportedInterfaceOrientations = "UIInterfaceOrientationLandscapeLeft UIInterfaceOrientationLandscapeRight UIInterfaceOrientationPortrait";
				INFOPLIST_KEY_UISupportedInterfaceOrientations_iPad = "UIInterfaceOrientationLandscapeLeft UIInterfaceOrientationLandscapeRight";
				IPHONEOS_DEPLOYMENT_TARGET = 15.1;
				LD_RUNPATH_SEARCH_PATHS = (
					"$(inherited)",
					"@executable_path/Frameworks",
				);
				MARKETING_VERSION = 1.0;
				PRODUCT_BUNDLE_IDENTIFIER = texcom.waduhTech.WaduhTechProj;
				PRODUCT_NAME = WaduhTechProj;
				SDKROOT = iphoneos;
				SUPPORTED_PLATFORMS = "iphoneos iphonesimulator";
				SUPPORTS_MACCATALYST = NO;
				SUPPORTS_MAC_DESIGNED_FOR_IPHONE_IPAD = YES;
				SWIFT_EMIT_LOC_STRINGS = YES;
				SWIFT_VERSION = 5.0;
				TARGETED_DEVICE_FAMILY = 2;
			};
			name = Debug;
		};
		15662CBC2A41C59000214FD7 /* Release */ = {
			isa = XCBuildConfiguration;
			buildSettings = {
				ASSETCATALOG_COMPILER_APPICON_NAME = AppIcon;
				ASSETCATALOG_COMPILER_GLOBAL_ACCENT_COLOR_NAME = AccentColor;
				CODE_SIGN_STYLE = Automatic;
				CURRENT_PROJECT_VERSION = 1;
				DEVELOPMENT_TEAM = 35V95TRX69;
				GENERATE_INFOPLIST_FILE = YES;
				INFOPLIST_FILE = "WaduhTechProj-iOS-Info.plist";
				INFOPLIST_KEY_UIApplicationSupportsIndirectInputEvents = YES;
				INFOPLIST_KEY_UILaunchStoryboardName = LaunchScreen;
				INFOPLIST_KEY_UIMainStoryboardFile = Main;
				INFOPLIST_KEY_UIStatusBarHidden = YES;
				INFOPLIST_KEY_UISupportedInterfaceOrientations = "UIInterfaceOrientationLandscapeLeft UIInterfaceOrientationLandscapeRight UIInterfaceOrientationPortrait";
				INFOPLIST_KEY_UISupportedInterfaceOrientations_iPad = "UIInterfaceOrientationLandscapeLeft UIInterfaceOrientationLandscapeRight";
				IPHONEOS_DEPLOYMENT_TARGET = 15.1;
				LD_RUNPATH_SEARCH_PATHS = (
					"$(inherited)",
					"@executable_path/Frameworks",
				);
				MARKETING_VERSION = 1.0;
				PRODUCT_BUNDLE_IDENTIFIER = com.waduhTech.WaduhTechProj;
				PRODUCT_NAME = WaduhTechProj;
				SDKROOT = iphoneos;
				SUPPORTED_PLATFORMS = "iphoneos iphonesimulator";
				SUPPORTS_MACCATALYST = NO;
				SUPPORTS_MAC_DESIGNED_FOR_IPHONE_IPAD = YES;
				SWIFT_EMIT_LOC_STRINGS = YES;
				SWIFT_VERSION = 5.0;
				TARGETED_DEVICE_FAMILY = 2;
				VALIDATE_PRODUCT = YES;
			};
			name = Release;
		};
/* End XCBuildConfiguration section */

/* Begin XCConfigurationList section */
		15662C9D2A41C58E00214FD7 /* Build configuration list for PBXProject "WaduhTechProj" */ = {
			isa = XCConfigurationList;
			buildConfigurations = (
				15662CB82A41C59000214FD7 /* Debug */,
				15662CB92A41C59000214FD7 /* Release */,
			);
			defaultConfigurationIsVisible = 0;
			defaultConfigurationName = Release;
		};
		15662CBA2A41C59000214FD7 /* Build configuration list for PBXNativeTarget "WaduhTechProj iOS" */ = {
			isa = XCConfigurationList;
			buildConfigurations = (
				15662CBB2A41C59000214FD7 /* Debug */,
				15662CBC2A41C59000214FD7 /* Release */,
			);
			defaultConfigurationIsVisible = 0;
			defaultConfigurationName = Release;
		};
/* End XCConfigurationList section */
	};
	rootObject = 15662C9A2A41C58E00214FD7 /* Project object */;
}
